{
  "name": "javascript",
  "lockfileVersion": 3,
  "requires": true,
  "packages": {
    "": {
      "dependencies": {
        "braces": "^3.0.2",
        "expand-braces": "^0.1.2",
        "micromatch": "^4.0.5"
      }
    },
    "node_modules/array-slice": {
      "version": "0.2.3",
      "resolved": "https://registry.npmjs.org/array-slice/-/array-slice-0.2.3.tgz",
      "integrity": "sha512-rlVfZW/1Ph2SNySXwR9QYkChp8EkOEiTMO5Vwx60usw04i4nWemkm9RXmQqgkQFaLHsqLuADvjp6IfgL9l2M8Q==",
      "engines": {
        "node": ">=0.10.0"
      }
    },
    "node_modules/array-unique": {
      "version": "0.2.1",
      "resolved": "https://registry.npmjs.org/array-unique/-/array-unique-0.2.1.tgz",
      "integrity": "sha512-G2n5bG5fSUCpnsXz4+8FUkYsGPkNfLn9YvS66U5qbTIXI2Ynnlo4Bi42bWv+omKUCqz+ejzfClwne0alJWJPhg==",
      "engines": {
        "node": ">=0.10.0"
      }
    },
    "node_modules/braces": {
      "version": "3.0.2",
      "resolved": "https://registry.npmjs.org/braces/-/braces-3.0.2.tgz",
      "integrity": "sha512-b8um+L1RzM3WDSzvhm6gIz1yfTbBt6YTlcEKAvsmqCZZFw46z626lVj9j1yEPW33H5H+lBQpZMP1k8l+78Ha0A==",
      "dependencies": {
        "fill-range": "^7.0.1"
      },
      "engines": {
        "node": ">=8"
      }
    },
    "node_modules/expand-braces": {
      "version": "0.1.2",
      "resolved": "https://registry.npmjs.org/expand-braces/-/expand-braces-0.1.2.tgz",
      "integrity": "sha512-zOOsEnAhvIxxd0esCNbYG2xerGf46niZ1egS43eV7Fu4t7VIScgPXMcMabCLaPrqkzwvwo6zZipDiX3t0ILF2w==",
      "dependencies": {
        "array-slice": "^0.2.3",
        "array-unique": "^0.2.1",
        "braces": "^0.1.2"
      },
      "engines": {
        "node": ">=0.10.0"
      }
    },
    "node_modules/expand-braces/node_modules/braces": {
      "version": "0.1.5",
      "resolved": "https://registry.npmjs.org/braces/-/braces-0.1.5.tgz",
      "integrity": "sha512-EIMHIv2UXHWFY2xubUGKz+hq9hNkENj4Pjvr7h58cmJgpkK2yMlKA8I484f7MSttkzVAy/lL7X9xDaILd6avzA==",
      "dependencies": {
        "expand-range": "^0.1.0"
      },
      "engines": {
        "node": ">=0.10.0"
      }
    },
    "node_modules/expand-range": {
      "version": "0.1.1",
      "resolved": "https://registry.npmjs.org/expand-range/-/expand-range-0.1.1.tgz",
      "integrity": "sha512-busOHJ0t7t5UcutcyNDqmaDX+1cb0XlqsAUgTlmplVv0rIqBaMcBSZRLlkDm0nxtl8O3o/EvRRrdQ/WnyPERLQ==",
      "dependencies": {
        "is-number": "^0.1.1",
        "repeat-string": "^0.2.2"
      },
      "engines": {
        "node": ">=0.10.0"
      }
    },
    "node_modules/expand-range/node_modules/is-number": {
      "version": "0.1.1",
      "resolved": "https://registry.npmjs.org/is-number/-/is-number-0.1.1.tgz",
      "integrity": "sha512-la5kPULwIgkSSaZj9w7/A1uHqOBAgOhDUKQ5CkfL8LZ4Si6r4+2D0hI6b4o60MW4Uj2yNJARWIZUDPxlvOYQcw==",
      "engines": {
        "node": ">=0.10.0"
      }
    },
    "node_modules/fill-range": {
      "version": "7.0.1",
      "resolved": "https://registry.npmjs.org/fill-range/-/fill-range-7.0.1.tgz",
      "integrity": "sha512-qOo9F+dMUmC2Lcb4BbVvnKJxTPjCm+RRpe4gDuGrzkL7mEVl/djYSu2OdQ2Pa302N4oqkSg9ir6jaLWJ2USVpQ==",
      "dependencies": {
        "to-regex-range": "^5.0.1"
      },
      "engines": {
        "node": ">=8"
      }
    },
    "node_modules/is-number": {
      "version": "7.0.0",
      "resolved": "https://registry.npmjs.org/is-number/-/is-number-7.0.0.tgz",
      "integrity": "sha512-41Cifkg6e8TylSpdtTpeLVMqvSBEVzTttHvERD741+pnZ8ANv0004MRL43QKPDlK9cGvNp6NZWZUBlbGXYxxng==",
      "engines": {
        "node": ">=0.12.0"
      }
    },
    "node_modules/micromatch": {
      "version": "4.0.5",
      "resolved": "https://registry.npmjs.org/micromatch/-/micromatch-4.0.5.tgz",
      "integrity": "sha512-DMy+ERcEW2q8Z2Po+WNXuw3c5YaUSFjAO5GsJqfEl7UjvtIuFKO6ZrKvcItdy98dwFI2N1tg3zNIdKaQT+aNdA==",
      "dependencies": {
        "braces": "^3.0.2",
        "picomatch": "^2.3.1"
      },
      "engines": {
        "node": ">=8.6"
      }
    },
    "node_modules/picomatch": {
      "version": "2.3.1",
      "resolved": "https://registry.npmjs.org/picomatch/-/picomatch-2.3.1.tgz",
      "integrity": "sha512-JU3teHTNjmE2VCGFzuY8EXzCDVwEqB2a8fsIvwaStHhAWJEeVd1o1QD80CU6+ZdEXXSLbSsuLwJjkCBWqRQUVA==",
      "engines": {
        "node": ">=8.6"
      },
      "funding": {
        "url": "https://github.com/sponsors/jonschlinkert"
      }
    },
    "node_modules/repeat-string": {
      "version": "0.2.2",
      "resolved": "https://registry.npmjs.org/repeat-string/-/repeat-string-0.2.2.tgz",
      "integrity": "sha512-yHeI3F9v20MY+8/5WAUgIWseMZwpLD+l9h5hGyzh6fQjhle2AwjjRDao1m5IozSDuVvMw09/mvE8AU1oDmZKpQ==",
      "engines": {
        "node": ">=0.10"
      }
    },
    "node_modules/to-regex-range": {
      "version": "5.0.1",
      "resolved": "https://registry.npmjs.org/to-regex-range/-/to-regex-range-5.0.1.tgz",
      "integrity": "sha512-65P7iz6X5yEr1cwcgvQxbbIw7Uk3gOy5dIdtZ4rDveLqhrdJP+Li/Hx6tyK0NEb+2GCyneCMJiGqrADCSNk8sQ==",
      "dependencies": {
        "is-number": "^7.0.0"
      },
      "engines": {
        "node": ">=8.0"
      }
    }
  }
}
